
Microsoft Visual Studio Solution File, Format Version 9.00
# Visual Studio 2005
Project("{8BC9CEB8-8B4A-11D0-8D11-00A0C91BC942}") = "Lam quen voi Windows", "Lam quen voi Windows.vcproj", "{8DE1324B-C991-402E-81B1-66B4569A6B4E}"
EndProject
Global
	GlobalSection(SolutionConfigurationPlatforms) = preSolution
		Debug|Win32 = Debug|Win32
		Release|Win32 = Release|Win32
	EndGlobalSection
	GlobalSection(ProjectConfigurationPlatforms) = postSolution
		{8DE1324B-C991-402E-81B1-66B4569A6B4E}.Debug|Win32.ActiveCfg = Debug|Win32
		{8DE1324B-C991-402E-81B1-66B4569A6B4E}.Debug|Win32.Build.0 = Debug|Win32
		{8DE1324B-C991-402E-81B1-66B4569A6B4E}.Release|Win32.ActiveCfg = Release|Win32
		{8DE1324B-C991-402E-81B1-66B4569A6B4E}.Release|Win32.Build.0 = Release|Win32
	EndGlobalSection
	GlobalSection(SolutionProperties) = preSolution
		HideSolutionNode = FALSE
	EndGlobalSection
EndGlobal
